
Microsoft Visual Studio Solution File, Format Version 12.00
# Visual Studio Version 17
VisualStudioVersion = 17.8.34309.116
MinimumVisualStudioVersion = 10.0.40219.1
Project("{9A19103F-16F7-4668-BE54-9A1E7A4F7556}") = "RingBufferPlus", "src\RingBufferPlus.csproj", "{1E9222EC-EF56-4342-9FE1-DF9AD0D19D65}"
EndProject
Project("{9A19103F-16F7-4668-BE54-9A1E7A4F7556}") = "RingBufferPlusApiSample", "samples\RingBufferPlusApiSample\RingBufferPlusApiSample.csproj", "{B778C693-7F88-4D08-A0A1-50A1C3B381DE}"
EndProject
Project("{9A19103F-16F7-4668-BE54-9A1E7A4F7556}") = "RingBufferPlus.Tests", "tests\RingBufferPlusTest\RingBufferPlus.Tests.csproj", "{C6D56612-8FF8-4A13-911A-E9E6472683A9}"
EndProject
Project("{9A19103F-16F7-4668-BE54-9A1E7A4F7556}") = "RingBufferPlusConsoleSample", "samples\RingBufferPlusConsoleSample\RingBufferPlusConsoleSample.csproj", "{1B7056C7-528B-44DF-85FF-691CDCCD523D}"
EndProject
Project("{2150E333-8FDC-42A3-9474-1A3956D46DE8}") = "docs", "docs", "{7C2F1706-D136-4714-8D9F-E6C89B506EF7}"
	ProjectSection(SolutionItems) = preProject
		CODE_OF_CONDUCT.md = CODE_OF_CONDUCT.md
		CONTRIBUTING.md = CONTRIBUTING.md
		docapitemplate.md = docapitemplate.md
		docs\index.md = docs\index.md
		SECURITY.md = SECURITY.md
		docs\whatsnewprev.md = docs\whatsnewprev.md
		docs\_config.yml = docs\_config.yml
	EndProjectSection
EndProject
Project("{9A19103F-16F7-4668-BE54-9A1E7A4F7556}") = "RingBufferPlusBenchmarkSample", "samples\RingBufferPlusBenchmarkSample\RingBufferPlusBenchmarkSample.csproj", "{80EF80EF-5439-43BF-8049-06F4B689664A}"
EndProject
Project("{2150E333-8FDC-42A3-9474-1A3956D46DE8}") = "samples", "samples", "{508B503D-68BA-4EFE-A117-5A3D68912940}"
EndProject
Project("{2150E333-8FDC-42A3-9474-1A3956D46DE8}") = "tests", "tests", "{60201DA4-1447-4824-AE9D-50002A7BD716}"
EndProject
Global
	GlobalSection(SolutionConfigurationPlatforms) = preSolution
		Debug|Any CPU = Debug|Any CPU
		local|Any CPU = local|Any CPU
		Release|Any CPU = Release|Any CPU
	EndGlobalSection
	GlobalSection(ProjectConfigurationPlatforms) = postSolution
		{1E9222EC-EF56-4342-9FE1-DF9AD0D19D65}.Debug|Any CPU.ActiveCfg = Debug|Any CPU
		{1E9222EC-EF56-4342-9FE1-DF9AD0D19D65}.Debug|Any CPU.Build.0 = Debug|Any CPU
		{1E9222EC-EF56-4342-9FE1-DF9AD0D19D65}.local|Any CPU.ActiveCfg = local|Any CPU
		{1E9222EC-EF56-4342-9FE1-DF9AD0D19D65}.local|Any CPU.Build.0 = local|Any CPU
		{1E9222EC-EF56-4342-9FE1-DF9AD0D19D65}.Release|Any CPU.ActiveCfg = Release|Any CPU
		{1E9222EC-EF56-4342-9FE1-DF9AD0D19D65}.Release|Any CPU.Build.0 = Release|Any CPU
		{B778C693-7F88-4D08-A0A1-50A1C3B381DE}.Debug|Any CPU.ActiveCfg = Debug|Any CPU
		{B778C693-7F88-4D08-A0A1-50A1C3B381DE}.Debug|Any CPU.Build.0 = Debug|Any CPU
		{B778C693-7F88-4D08-A0A1-50A1C3B381DE}.local|Any CPU.ActiveCfg = Debug|Any CPU
		{B778C693-7F88-4D08-A0A1-50A1C3B381DE}.local|Any CPU.Build.0 = Debug|Any CPU
		{B778C693-7F88-4D08-A0A1-50A1C3B381DE}.Release|Any CPU.ActiveCfg = Release|Any CPU
		{B778C693-7F88-4D08-A0A1-50A1C3B381DE}.Release|Any CPU.Build.0 = Release|Any CPU
		{C6D56612-8FF8-4A13-911A-E9E6472683A9}.Debug|Any CPU.ActiveCfg = Debug|Any CPU
		{C6D56612-8FF8-4A13-911A-E9E6472683A9}.Debug|Any CPU.Build.0 = Debug|Any CPU
		{C6D56612-8FF8-4A13-911A-E9E6472683A9}.local|Any CPU.ActiveCfg = Debug|Any CPU
		{C6D56612-8FF8-4A13-911A-E9E6472683A9}.local|Any CPU.Build.0 = Debug|Any CPU
		{C6D56612-8FF8-4A13-911A-E9E6472683A9}.Release|Any CPU.ActiveCfg = Release|Any CPU
		{C6D56612-8FF8-4A13-911A-E9E6472683A9}.Release|Any CPU.Build.0 = Release|Any CPU
		{1B7056C7-528B-44DF-85FF-691CDCCD523D}.Debug|Any CPU.ActiveCfg = Debug|Any CPU
		{1B7056C7-528B-44DF-85FF-691CDCCD523D}.Debug|Any CPU.Build.0 = Debug|Any CPU
		{1B7056C7-528B-44DF-85FF-691CDCCD523D}.local|Any CPU.ActiveCfg = Debug|Any CPU
		{1B7056C7-528B-44DF-85FF-691CDCCD523D}.local|Any CPU.Build.0 = Debug|Any CPU
		{1B7056C7-528B-44DF-85FF-691CDCCD523D}.Release|Any CPU.ActiveCfg = Release|Any CPU
		{1B7056C7-528B-44DF-85FF-691CDCCD523D}.Release|Any CPU.Build.0 = Release|Any CPU
		{80EF80EF-5439-43BF-8049-06F4B689664A}.Debug|Any CPU.ActiveCfg = Debug|Any CPU
		{80EF80EF-5439-43BF-8049-06F4B689664A}.Debug|Any CPU.Build.0 = Debug|Any CPU
		{80EF80EF-5439-43BF-8049-06F4B689664A}.local|Any CPU.ActiveCfg = Debug|Any CPU
		{80EF80EF-5439-43BF-8049-06F4B689664A}.local|Any CPU.Build.0 = Debug|Any CPU
		{80EF80EF-5439-43BF-8049-06F4B689664A}.Release|Any CPU.ActiveCfg = Release|Any CPU
		{80EF80EF-5439-43BF-8049-06F4B689664A}.Release|Any CPU.Build.0 = Release|Any CPU
	EndGlobalSection
	GlobalSection(SolutionProperties) = preSolution
		HideSolutionNode = FALSE
	EndGlobalSection
	GlobalSection(NestedProjects) = preSolution
		{B778C693-7F88-4D08-A0A1-50A1C3B381DE} = {508B503D-68BA-4EFE-A117-5A3D68912940}
		{C6D56612-8FF8-4A13-911A-E9E6472683A9} = {60201DA4-1447-4824-AE9D-50002A7BD716}
		{1B7056C7-528B-44DF-85FF-691CDCCD523D} = {508B503D-68BA-4EFE-A117-5A3D68912940}
		{80EF80EF-5439-43BF-8049-06F4B689664A} = {508B503D-68BA-4EFE-A117-5A3D68912940}
	EndGlobalSection
	GlobalSection(ExtensibilityGlobals) = postSolution
		SolutionGuid = {249B93B6-3B03-4106-B076-7C7138E875DA}
	EndGlobalSection
EndGlobal
