
Microsoft Visual Studio Solution File, Format Version 12.00
# Visual Studio Version 17
VisualStudioVersion = 17.0.32014.148
MinimumVisualStudioVersion = 10.0.40219.1
Project("{9A19103F-16F7-4668-BE54-9A1E7A4F7556}") = "RingBufferPlus", "RingBufferPlus\RingBufferPlus.csproj", "{C5419815-EE14-4A96-8A5A-88D57A36DDD4}"
EndProject
Project("{9A19103F-16F7-4668-BE54-9A1E7A4F7556}") = "RingBufferPlusRabbit", "RingBufferPlusRabbit\RingBufferPlusRabbit.csproj", "{5FA96D7C-BD40-44C3-9B87-4F3CCFE38E30}"
EndProject
Project("{9A19103F-16F7-4668-BE54-9A1E7A4F7556}") = "RingBufferPlusTest", "RingBufferPlusTest\RingBufferPlusTest.csproj", "{C53D3D66-0233-4F48-BA33-FF41023D91E0}"
EndProject
Project("{2150E333-8FDC-42A3-9474-1A3956D46DE8}") = "Docs", "Docs", "{02FCABD7-3766-4D73-88A2-B558CBAA069D}"
	ProjectSection(SolutionItems) = preProject
		docs\accquire.md = docs\accquire.md
		docs\addlogprovider.md = docs\addlogprovider.md
		docs\aliasname.md = docs\aliasname.md
		docs\autoscalecallback.md = docs\autoscalecallback.md
		docs\autoscaler.md = docs\autoscaler.md
		docs\bufferclass.md = docs\bufferclass.md
		docs\createbuffer.md = docs\createbuffer.md
		docs\currentstate.md = docs\currentstate.md
		docs\defaultintervalautoscaler.md = docs\defaultintervalautoscaler.md
		docs\defaultintervalhealthcheck.md = docs\defaultintervalhealthcheck.md
		docs\defaultintervalopencircuit.md = docs\defaultintervalopencircuit.md
		docs\defaultintervalreport.md = docs\defaultintervalreport.md
		docs\defaulttimeoutaccquire.md = docs\defaulttimeoutaccquire.md
		docs\errorcallback.md = docs\errorcallback.md
		docs\factory.md = docs\factory.md
		docs\healthcheck.md = docs\healthcheck.md
		docs\index.md = docs\index.md
		docs\linkedfailurestate.md = docs\linkedfailurestate.md
		docs\maxbuffer.md = docs\maxbuffer.md
		docs\metricclass.md = docs\metricclass.md
		docs\metricsreport.md = docs\metricsreport.md
		docs\minbuffer.md = docs\minbuffer.md
		docs\policytimeoutaccquire.md = docs\policytimeoutaccquire.md
		docs\properties.md = docs\properties.md
		docs\ringbufferbuild.md = docs\ringbufferbuild.md
		docs\ringbufferrun.md = docs\ringbufferrun.md
		docs\timeoutcallback.md = docs\timeoutcallback.md
	EndProjectSection
EndProject
Project("{2150E333-8FDC-42A3-9474-1A3956D46DE8}") = "Images", "Images", "{A5340B5A-0CAD-4CC0-956D-6CE07686B431}"
	ProjectSection(SolutionItems) = preProject
		docs\images\icon.png = docs\images\icon.png
	EndProjectSection
EndProject
Global
	GlobalSection(SolutionConfigurationPlatforms) = preSolution
		Debug|Any CPU = Debug|Any CPU
		Release|Any CPU = Release|Any CPU
	EndGlobalSection
	GlobalSection(ProjectConfigurationPlatforms) = postSolution
		{C5419815-EE14-4A96-8A5A-88D57A36DDD4}.Debug|Any CPU.ActiveCfg = Debug|Any CPU
		{C5419815-EE14-4A96-8A5A-88D57A36DDD4}.Debug|Any CPU.Build.0 = Debug|Any CPU
		{C5419815-EE14-4A96-8A5A-88D57A36DDD4}.Release|Any CPU.ActiveCfg = Release|Any CPU
		{C5419815-EE14-4A96-8A5A-88D57A36DDD4}.Release|Any CPU.Build.0 = Release|Any CPU
		{5FA96D7C-BD40-44C3-9B87-4F3CCFE38E30}.Debug|Any CPU.ActiveCfg = Debug|Any CPU
		{5FA96D7C-BD40-44C3-9B87-4F3CCFE38E30}.Debug|Any CPU.Build.0 = Debug|Any CPU
		{5FA96D7C-BD40-44C3-9B87-4F3CCFE38E30}.Release|Any CPU.ActiveCfg = Release|Any CPU
		{5FA96D7C-BD40-44C3-9B87-4F3CCFE38E30}.Release|Any CPU.Build.0 = Release|Any CPU
		{C53D3D66-0233-4F48-BA33-FF41023D91E0}.Debug|Any CPU.ActiveCfg = Debug|Any CPU
		{C53D3D66-0233-4F48-BA33-FF41023D91E0}.Debug|Any CPU.Build.0 = Debug|Any CPU
		{C53D3D66-0233-4F48-BA33-FF41023D91E0}.Release|Any CPU.ActiveCfg = Release|Any CPU
		{C53D3D66-0233-4F48-BA33-FF41023D91E0}.Release|Any CPU.Build.0 = Release|Any CPU
	EndGlobalSection
	GlobalSection(SolutionProperties) = preSolution
		HideSolutionNode = FALSE
	EndGlobalSection
	GlobalSection(NestedProjects) = preSolution
		{A5340B5A-0CAD-4CC0-956D-6CE07686B431} = {02FCABD7-3766-4D73-88A2-B558CBAA069D}
	EndGlobalSection
	GlobalSection(ExtensibilityGlobals) = postSolution
		SolutionGuid = {4E82EE9E-8ED4-4F9B-820D-03B4C5E3A4A6}
	EndGlobalSection
EndGlobal
